
Microsoft Visual Studio Solution File, Format Version 12.00
# Visual Studio Version 17
VisualStudioVersion = 17.3.32825.248
MinimumVisualStudioVersion = 10.0.40219.1
Project("{FAE04EC0-301F-11D3-BF4B-00C04F79EFBC}") = "ERP.WebAPI", "ERP.WebAPI\ERP.WebAPI.csproj", "{E30B9249-9A37-4394-ACC7-37C8BE381B99}"
EndProject
Global
	GlobalSection(SolutionConfigurationPlatforms) = preSolution
		Debug|Any CPU = Debug|Any CPU
		Release|Any CPU = Release|Any CPU
	EndGlobalSection
	GlobalSection(ProjectConfigurationPlatforms) = postSolution
		{E30B9249-9A37-4394-ACC7-37C8BE381B99}.Debug|Any CPU.ActiveCfg = Debug|Any CPU
		{E30B9249-9A37-4394-ACC7-37C8BE381B99}.Debug|Any CPU.Build.0 = Debug|Any CPU
		{E30B9249-9A37-4394-ACC7-37C8BE381B99}.Release|Any CPU.ActiveCfg = Release|Any CPU
		{E30B9249-9A37-4394-ACC7-37C8BE381B99}.Release|Any CPU.Build.0 = Release|Any CPU
	EndGlobalSection
	GlobalSection(SolutionProperties) = preSolution
		HideSolutionNode = FALSE
	EndGlobalSection
	GlobalSection(ExtensibilityGlobals) = postSolution
		SolutionGuid = {677AE049-038D-46C1-8A04-FEC760597186}
	EndGlobalSection
EndGlobal
